
Microsoft Visual Studio Solution File, Format Version 12.00
# Visual Studio Version 17
VisualStudioVersion = 17.14.37314.3 d17.14
MinimumVisualStudioVersion = 10.0.40219.1
Project("{FAE04EC0-301F-11D3-BF4B-00C04F79EFBC}") = "CompanyApi", "CompanyApi\CompanyApi.csproj", "{102F5919-4471-43E3-BDAF-89AD9C83098C}"
EndProject
Global
	GlobalSection(SolutionConfigurationPlatforms) = preSolution
		Debug|Any CPU = Debug|Any CPU
		Release|Any CPU = Release|Any CPU
	EndGlobalSection
	GlobalSection(ProjectConfigurationPlatforms) = postSolution
		{102F5919-4471-43E3-BDAF-89AD9C83098C}.Debug|Any CPU.ActiveCfg = Debug|Any CPU
		{102F5919-4471-43E3-BDAF-89AD9C83098C}.Debug|Any CPU.Build.0 = Debug|Any CPU
		{102F5919-4471-43E3-BDAF-89AD9C83098C}.Release|Any CPU.ActiveCfg = Release|Any CPU
		{102F5919-4471-43E3-BDAF-89AD9C83098C}.Release|Any CPU.Build.0 = Release|Any CPU
	EndGlobalSection
	GlobalSection(SolutionProperties) = preSolution
		HideSolutionNode = FALSE
	EndGlobalSection
	GlobalSection(ExtensibilityGlobals) = postSolution
		SolutionGuid = {3A943885-60AF-42D2-B561-0613EF543E5B}
	EndGlobalSection
EndGlobal
